
Microsoft Visual Studio Solution File, Format Version 12.00
# Visual Studio Version 17
VisualStudioVersion = 17.11.35312.102
MinimumVisualStudioVersion = 10.0.40219.1
Project("{2150E333-8FDC-42A3-9474-1A3956D46DE8}") = "Task0", "Task0", "{1D480609-9424-4B2E-A3FE-7414F8936176}"
EndProject
Project("{9A19103F-16F7-4668-BE54-9A1E7A4F7556}") = "Tyuiu.KornevRM.Sprint1.Task0.V24", "Tyuiu.KornevRM.Sprint1.Task0.V24\Tyuiu.KornevRM.Sprint1.Task0.V24.csproj", "{915EAB7F-865D-4E14-9636-A2A12D72F7B8}"
EndProject
Project("{9A19103F-16F7-4668-BE54-9A1E7A4F7556}") = "Tyuiu.KornevRM.Sprint1.Task0.V24.Test", "Tyuiu.KornevRM.Sprint1.Task0.V24.Test\Tyuiu.KornevRM.Sprint1.Task0.V24.Test.csproj", "{CF1E1D7A-492D-4576-B7F6-1AA9C207A0E4}"
EndProject
Project("{9A19103F-16F7-4668-BE54-9A1E7A4F7556}") = "Tyuiu.KornevRM.Sprint1.Task0.V24.Lib", "Tyuiu.KornevRM.Sprint1.Task0.V24.Lib\Tyuiu.KornevRM.Sprint1.Task0.V24.Lib.csproj", "{7C95BFDE-F18F-440E-9B12-0593C5E227BF}"
EndProject
Project("{2150E333-8FDC-42A3-9474-1A3956D46DE8}") = "Task1", "Task1", "{50BD6C31-8C09-4F80-9130-5A9306C924F2}"
EndProject
Project("{9A19103F-16F7-4668-BE54-9A1E7A4F7556}") = "Tyuiu.KornevRM.Sprint1.Task1.V2", "Tyuiu.KornevRM.Sprint1.Task1.V2\Tyuiu.KornevRM.Sprint1.Task1.V2.csproj", "{40FB973E-17BC-48DE-83FE-C33B83AB3AF4}"
EndProject
Project("{9A19103F-16F7-4668-BE54-9A1E7A4F7556}") = "Tyuiu.KornevRM.Sprint1.Task1.V2.Lib", "Tyuiu.KornevRM.Sprint1.Task1.V2.Lib\Tyuiu.KornevRM.Sprint1.Task1.V2.Lib.csproj", "{E0E03953-3F18-4ED6-8A4C-879586198634}"
EndProject
Project("{9A19103F-16F7-4668-BE54-9A1E7A4F7556}") = "Tyuiu.KornevRM.Sprint1.Task1.V2.Test", "Tyuiu.KornevRM.Sprint1.Task1.V2.Test\Tyuiu.KornevRM.Sprint1.Task1.V2.Test.csproj", "{DF8E4F2B-5B26-416D-ABD5-F50F108B12B8}"
EndProject
Project("{2150E333-8FDC-42A3-9474-1A3956D46DE8}") = "Task2", "Task2", "{807C7C0B-6487-4829-8141-1D6EB107696E}"
EndProject
Project("{9A19103F-16F7-4668-BE54-9A1E7A4F7556}") = "Tyuiu.KornevRM.Sprint1.Task2.V23", "Tyuiu.KornevRM.Sprint1.Task2.V23\Tyuiu.KornevRM.Sprint1.Task2.V23.csproj", "{18A55AFB-0CA0-4229-A8CB-8CB99D0021C6}"
EndProject
Project("{9A19103F-16F7-4668-BE54-9A1E7A4F7556}") = "Tyuiu.KornevRM.Sprint1.Task2.V23.Lib", "Tyuiu.KornevRM.Sprint1.Task2.V23.Lib\Tyuiu.KornevRM.Sprint1.Task2.V23.Lib.csproj", "{FEE60C6A-2D0C-47E0-8CBE-A531F08D9F88}"
EndProject
Project("{9A19103F-16F7-4668-BE54-9A1E7A4F7556}") = "Tyuiu.KornevRM.Sprint1.Task2.V23.Test", "Tyuiu.KornevRM.Sprint1.Task2.V23.Test\Tyuiu.KornevRM.Sprint1.Task2.V23.Test.csproj", "{78460BA3-B3CF-4618-8090-90FC83AC1A68}"
EndProject
Project("{2150E333-8FDC-42A3-9474-1A3956D46DE8}") = "Task3", "Task3", "{D6DB560E-B413-4EE5-BC08-92B0FC235082}"
EndProject
Project("{9A19103F-16F7-4668-BE54-9A1E7A4F7556}") = "Tyuiu.KornevRM.Sprint1.Task3.V16", "Tyuiu.KornevRM.Sprint1.Task3.V16\Tyuiu.KornevRM.Sprint1.Task3.V16.csproj", "{2A1E399E-A95C-4E48-A6A1-7FCF938921AC}"
EndProject
Project("{9A19103F-16F7-4668-BE54-9A1E7A4F7556}") = "Tyuiu.KornevRM.Sprint1.Task3.V16.Test", "Tyuiu.KornevRM.Sprint1.Task3.V16.Test\Tyuiu.KornevRM.Sprint1.Task3.V16.Test.csproj", "{645B7C12-1249-42B8-85C9-EFA90B61CA67}"
EndProject
Project("{9A19103F-16F7-4668-BE54-9A1E7A4F7556}") = "Tyuiu.KornevRM.Sprint1.Task3.V16.Lib", "Tyuiu.KornevRM.Sprint1.Task3.V16.Lib\Tyuiu.KornevRM.Sprint1.Task3.V16.Lib.csproj", "{B34E5DB7-6F45-4B60-835A-6668F7C438C0}"
EndProject
Project("{2150E333-8FDC-42A3-9474-1A3956D46DE8}") = "Task4", "Task4", "{1D598B55-7742-4FF8-825F-C1C8FB92B046}"
EndProject
Project("{9A19103F-16F7-4668-BE54-9A1E7A4F7556}") = "Tyuiu.KornevRM.Sprint1.Task4.V29", "Tyuiu.KornevRM.Sprint1.Task4.V29\Tyuiu.KornevRM.Sprint1.Task4.V29.csproj", "{229EC590-1535-4371-9FA4-8E7EF90FDCF5}"
EndProject
Project("{9A19103F-16F7-4668-BE54-9A1E7A4F7556}") = "Tyuiu.KornevRM.Sprint1.Task4.V29.Lib", "Tyuiu.KornevRM.Sprint1.Task4.V29.Lib\Tyuiu.KornevRM.Sprint1.Task4.V29.Lib.csproj", "{E14FDDB6-3BCF-435D-ACED-559252C88FFA}"
EndProject
Project("{9A19103F-16F7-4668-BE54-9A1E7A4F7556}") = "Tyuiu.KornevRM.Sprint1.Task4.V29.Test", "Tyuiu.KornevRM.Sprint1.Task4.V29.Test\Tyuiu.KornevRM.Sprint1.Task4.V29.Test.csproj", "{5DCFAF9C-E589-4B41-96F6-1C249985E1AA}"
EndProject
Project("{2150E333-8FDC-42A3-9474-1A3956D46DE8}") = "Task5", "Task5", "{E372088A-4ADA-4F3B-999D-FA870CD64774}"
EndProject
Project("{9A19103F-16F7-4668-BE54-9A1E7A4F7556}") = "Tyuiu.KornevRM.Sprint1.Task5.V5", "Tyuiu.KornevRM.Sprint1.Task5.V5\Tyuiu.KornevRM.Sprint1.Task5.V5.csproj", "{528DF159-D3AC-435E-B33D-7A64D3D8DE7E}"
EndProject
Project("{9A19103F-16F7-4668-BE54-9A1E7A4F7556}") = "Tyuiu.KornevRM.Sprint1.Task5.V5.Lib", "Tyuiu.KornevRM.Sprint1.Task5.V5.Lib\Tyuiu.KornevRM.Sprint1.Task5.V5.Lib.csproj", "{3F4E1B12-310C-4547-A021-88B0C590B83F}"
EndProject
Project("{9A19103F-16F7-4668-BE54-9A1E7A4F7556}") = "Tyuiu.KornevRM.Sprint1.Task5.V5.Test", "Tyuiu.KornevRM.Sprint1.Task5.V5.Test\Tyuiu.KornevRM.Sprint1.Task5.V5.Test.csproj", "{B1AB3559-E48E-4049-92C5-1F78E061C5F4}"
EndProject
Project("{2150E333-8FDC-42A3-9474-1A3956D46DE8}") = "Task6", "Task6", "{DD12AC9F-F97E-4574-BB73-EF76081BEC36}"
EndProject
Project("{FAE04EC0-301F-11D3-BF4B-00C04F79EFBC}") = "Tyuiu.KornevRM.Sprint1.Task6.V9", "Tyuiu.KornevRM.Sprint1.Task6.V9\Tyuiu.KornevRM.Sprint1.Task6.V9.csproj", "{1058030D-3268-43B3-BBAB-FA3E580BA88C}"
EndProject
Project("{FAE04EC0-301F-11D3-BF4B-00C04F79EFBC}") = "Tyuiu.KornevRM.Sprint1.Task6.V9.Lib", "Tyuiu.KornevRM.Sprint1.Task6.V9.Lib\Tyuiu.KornevRM.Sprint1.Task6.V9.Lib.csproj", "{6D048DEA-B57A-4E2F-AE0B-59E009752724}"
EndProject
Project("{FAE04EC0-301F-11D3-BF4B-00C04F79EFBC}") = "Tyuiu.KornevRM.Sprint1.Task6.V9.Test", "Tyuiu.KornevRM.Sprint1.Task6.V9.Test\Tyuiu.KornevRM.Sprint1.Task6.V9.Test.csproj", "{F8FD1402-330B-423B-B5D3-E7ED5F701307}"
EndProject
Global
	GlobalSection(SolutionConfigurationPlatforms) = preSolution
		Debug|Any CPU = Debug|Any CPU
		Release|Any CPU = Release|Any CPU
	EndGlobalSection
	GlobalSection(ProjectConfigurationPlatforms) = postSolution
		{915EAB7F-865D-4E14-9636-A2A12D72F7B8}.Debug|Any CPU.ActiveCfg = Debug|Any CPU
		{915EAB7F-865D-4E14-9636-A2A12D72F7B8}.Debug|Any CPU.Build.0 = Debug|Any CPU
		{915EAB7F-865D-4E14-9636-A2A12D72F7B8}.Release|Any CPU.ActiveCfg = Release|Any CPU
		{915EAB7F-865D-4E14-9636-A2A12D72F7B8}.Release|Any CPU.Build.0 = Release|Any CPU
		{CF1E1D7A-492D-4576-B7F6-1AA9C207A0E4}.Debug|Any CPU.ActiveCfg = Debug|Any CPU
		{CF1E1D7A-492D-4576-B7F6-1AA9C207A0E4}.Debug|Any CPU.Build.0 = Debug|Any CPU
		{CF1E1D7A-492D-4576-B7F6-1AA9C207A0E4}.Release|Any CPU.ActiveCfg = Release|Any CPU
		{CF1E1D7A-492D-4576-B7F6-1AA9C207A0E4}.Release|Any CPU.Build.0 = Release|Any CPU
		{7C95BFDE-F18F-440E-9B12-0593C5E227BF}.Debug|Any CPU.ActiveCfg = Debug|Any CPU
		{7C95BFDE-F18F-440E-9B12-0593C5E227BF}.Debug|Any CPU.Build.0 = Debug|Any CPU
		{7C95BFDE-F18F-440E-9B12-0593C5E227BF}.Release|Any CPU.ActiveCfg = Release|Any CPU
		{7C95BFDE-F18F-440E-9B12-0593C5E227BF}.Release|Any CPU.Build.0 = Release|Any CPU
		{40FB973E-17BC-48DE-83FE-C33B83AB3AF4}.Debug|Any CPU.ActiveCfg = Debug|Any CPU
		{40FB973E-17BC-48DE-83FE-C33B83AB3AF4}.Debug|Any CPU.Build.0 = Debug|Any CPU
		{40FB973E-17BC-48DE-83FE-C33B83AB3AF4}.Release|Any CPU.ActiveCfg = Release|Any CPU
		{40FB973E-17BC-48DE-83FE-C33B83AB3AF4}.Release|Any CPU.Build.0 = Release|Any CPU
		{E0E03953-3F18-4ED6-8A4C-879586198634}.Debug|Any CPU.ActiveCfg = Debug|Any CPU
		{E0E03953-3F18-4ED6-8A4C-879586198634}.Debug|Any CPU.Build.0 = Debug|Any CPU
		{E0E03953-3F18-4ED6-8A4C-879586198634}.Release|Any CPU.ActiveCfg = Release|Any CPU
		{E0E03953-3F18-4ED6-8A4C-879586198634}.Release|Any CPU.Build.0 = Release|Any CPU
		{DF8E4F2B-5B26-416D-ABD5-F50F108B12B8}.Debug|Any CPU.ActiveCfg = Debug|Any CPU
		{DF8E4F2B-5B26-416D-ABD5-F50F108B12B8}.Debug|Any CPU.Build.0 = Debug|Any CPU
		{DF8E4F2B-5B26-416D-ABD5-F50F108B12B8}.Release|Any CPU.ActiveCfg = Release|Any CPU
		{DF8E4F2B-5B26-416D-ABD5-F50F108B12B8}.Release|Any CPU.Build.0 = Release|Any CPU
		{18A55AFB-0CA0-4229-A8CB-8CB99D0021C6}.Debug|Any CPU.ActiveCfg = Debug|Any CPU
		{18A55AFB-0CA0-4229-A8CB-8CB99D0021C6}.Debug|Any CPU.Build.0 = Debug|Any CPU
		{18A55AFB-0CA0-4229-A8CB-8CB99D0021C6}.Release|Any CPU.ActiveCfg = Release|Any CPU
		{18A55AFB-0CA0-4229-A8CB-8CB99D0021C6}.Release|Any CPU.Build.0 = Release|Any CPU
		{FEE60C6A-2D0C-47E0-8CBE-A531F08D9F88}.Debug|Any CPU.ActiveCfg = Debug|Any CPU
		{FEE60C6A-2D0C-47E0-8CBE-A531F08D9F88}.Debug|Any CPU.Build.0 = Debug|Any CPU
		{FEE60C6A-2D0C-47E0-8CBE-A531F08D9F88}.Release|Any CPU.ActiveCfg = Release|Any CPU
		{FEE60C6A-2D0C-47E0-8CBE-A531F08D9F88}.Release|Any CPU.Build.0 = Release|Any CPU
		{78460BA3-B3CF-4618-8090-90FC83AC1A68}.Debug|Any CPU.ActiveCfg = Debug|Any CPU
		{78460BA3-B3CF-4618-8090-90FC83AC1A68}.Debug|Any CPU.Build.0 = Debug|Any CPU
		{78460BA3-B3CF-4618-8090-90FC83AC1A68}.Release|Any CPU.ActiveCfg = Release|Any CPU
		{78460BA3-B3CF-4618-8090-90FC83AC1A68}.Release|Any CPU.Build.0 = Release|Any CPU
		{2A1E399E-A95C-4E48-A6A1-7FCF938921AC}.Debug|Any CPU.ActiveCfg = Debug|Any CPU
		{2A1E399E-A95C-4E48-A6A1-7FCF938921AC}.Debug|Any CPU.Build.0 = Debug|Any CPU
		{2A1E399E-A95C-4E48-A6A1-7FCF938921AC}.Release|Any CPU.ActiveCfg = Release|Any CPU
		{2A1E399E-A95C-4E48-A6A1-7FCF938921AC}.Release|Any CPU.Build.0 = Release|Any CPU
		{645B7C12-1249-42B8-85C9-EFA90B61CA67}.Debug|Any CPU.ActiveCfg = Debug|Any CPU
		{645B7C12-1249-42B8-85C9-EFA90B61CA67}.Debug|Any CPU.Build.0 = Debug|Any CPU
		{645B7C12-1249-42B8-85C9-EFA90B61CA67}.Release|Any CPU.ActiveCfg = Release|Any CPU
		{645B7C12-1249-42B8-85C9-EFA90B61CA67}.Release|Any CPU.Build.0 = Release|Any CPU
		{B34E5DB7-6F45-4B60-835A-6668F7C438C0}.Debug|Any CPU.ActiveCfg = Debug|Any CPU
		{B34E5DB7-6F45-4B60-835A-6668F7C438C0}.Debug|Any CPU.Build.0 = Debug|Any CPU
		{B34E5DB7-6F45-4B60-835A-6668F7C438C0}.Release|Any CPU.ActiveCfg = Release|Any CPU
		{B34E5DB7-6F45-4B60-835A-6668F7C438C0}.Release|Any CPU.Build.0 = Release|Any CPU
		{229EC590-1535-4371-9FA4-8E7EF90FDCF5}.Debug|Any CPU.ActiveCfg = Debug|Any CPU
		{229EC590-1535-4371-9FA4-8E7EF90FDCF5}.Debug|Any CPU.Build.0 = Debug|Any CPU
		{229EC590-1535-4371-9FA4-8E7EF90FDCF5}.Release|Any CPU.ActiveCfg = Release|Any CPU
		{229EC590-1535-4371-9FA4-8E7EF90FDCF5}.Release|Any CPU.Build.0 = Release|Any CPU
		{E14FDDB6-3BCF-435D-ACED-559252C88FFA}.Debug|Any CPU.ActiveCfg = Debug|Any CPU
		{E14FDDB6-3BCF-435D-ACED-559252C88FFA}.Debug|Any CPU.Build.0 = Debug|Any CPU
		{E14FDDB6-3BCF-435D-ACED-559252C88FFA}.Release|Any CPU.ActiveCfg = Release|Any CPU
		{E14FDDB6-3BCF-435D-ACED-559252C88FFA}.Release|Any CPU.Build.0 = Release|Any CPU
		{5DCFAF9C-E589-4B41-96F6-1C249985E1AA}.Debug|Any CPU.ActiveCfg = Debug|Any CPU
		{5DCFAF9C-E589-4B41-96F6-1C249985E1AA}.Debug|Any CPU.Build.0 = Debug|Any CPU
		{5DCFAF9C-E589-4B41-96F6-1C249985E1AA}.Release|Any CPU.ActiveCfg = Release|Any CPU
		{5DCFAF9C-E589-4B41-96F6-1C249985E1AA}.Release|Any CPU.Build.0 = Release|Any CPU
		{528DF159-D3AC-435E-B33D-7A64D3D8DE7E}.Debug|Any CPU.ActiveCfg = Debug|Any CPU
		{528DF159-D3AC-435E-B33D-7A64D3D8DE7E}.Debug|Any CPU.Build.0 = Debug|Any CPU
		{528DF159-D3AC-435E-B33D-7A64D3D8DE7E}.Release|Any CPU.ActiveCfg = Release|Any CPU
		{528DF159-D3AC-435E-B33D-7A64D3D8DE7E}.Release|Any CPU.Build.0 = Release|Any CPU
		{3F4E1B12-310C-4547-A021-88B0C590B83F}.Debug|Any CPU.ActiveCfg = Debug|Any CPU
		{3F4E1B12-310C-4547-A021-88B0C590B83F}.Debug|Any CPU.Build.0 = Debug|Any CPU
		{3F4E1B12-310C-4547-A021-88B0C590B83F}.Release|Any CPU.ActiveCfg = Release|Any CPU
		{3F4E1B12-310C-4547-A021-88B0C590B83F}.Release|Any CPU.Build.0 = Release|Any CPU
		{B1AB3559-E48E-4049-92C5-1F78E061C5F4}.Debug|Any CPU.ActiveCfg = Debug|Any CPU
		{B1AB3559-E48E-4049-92C5-1F78E061C5F4}.Debug|Any CPU.Build.0 = Debug|Any CPU
		{B1AB3559-E48E-4049-92C5-1F78E061C5F4}.Release|Any CPU.ActiveCfg = Release|Any CPU
		{B1AB3559-E48E-4049-92C5-1F78E061C5F4}.Release|Any CPU.Build.0 = Release|Any CPU
		{1058030D-3268-43B3-BBAB-FA3E580BA88C}.Debug|Any CPU.ActiveCfg = Debug|Any CPU
		{1058030D-3268-43B3-BBAB-FA3E580BA88C}.Debug|Any CPU.Build.0 = Debug|Any CPU
		{1058030D-3268-43B3-BBAB-FA3E580BA88C}.Release|Any CPU.ActiveCfg = Release|Any CPU
		{1058030D-3268-43B3-BBAB-FA3E580BA88C}.Release|Any CPU.Build.0 = Release|Any CPU
		{6D048DEA-B57A-4E2F-AE0B-59E009752724}.Debug|Any CPU.ActiveCfg = Debug|Any CPU
		{6D048DEA-B57A-4E2F-AE0B-59E009752724}.Debug|Any CPU.Build.0 = Debug|Any CPU
		{6D048DEA-B57A-4E2F-AE0B-59E009752724}.Release|Any CPU.ActiveCfg = Release|Any CPU
		{6D048DEA-B57A-4E2F-AE0B-59E009752724}.Release|Any CPU.Build.0 = Release|Any CPU
		{F8FD1402-330B-423B-B5D3-E7ED5F701307}.Debug|Any CPU.ActiveCfg = Debug|Any CPU
		{F8FD1402-330B-423B-B5D3-E7ED5F701307}.Debug|Any CPU.Build.0 = Debug|Any CPU
		{F8FD1402-330B-423B-B5D3-E7ED5F701307}.Release|Any CPU.ActiveCfg = Release|Any CPU
		{F8FD1402-330B-423B-B5D3-E7ED5F701307}.Release|Any CPU.Build.0 = Release|Any CPU
	EndGlobalSection
	GlobalSection(SolutionProperties) = preSolution
		HideSolutionNode = FALSE
	EndGlobalSection
	GlobalSection(NestedProjects) = preSolution
		{915EAB7F-865D-4E14-9636-A2A12D72F7B8} = {1D480609-9424-4B2E-A3FE-7414F8936176}
		{CF1E1D7A-492D-4576-B7F6-1AA9C207A0E4} = {1D480609-9424-4B2E-A3FE-7414F8936176}
		{7C95BFDE-F18F-440E-9B12-0593C5E227BF} = {1D480609-9424-4B2E-A3FE-7414F8936176}
		{40FB973E-17BC-48DE-83FE-C33B83AB3AF4} = {50BD6C31-8C09-4F80-9130-5A9306C924F2}
		{E0E03953-3F18-4ED6-8A4C-879586198634} = {50BD6C31-8C09-4F80-9130-5A9306C924F2}
		{DF8E4F2B-5B26-416D-ABD5-F50F108B12B8} = {50BD6C31-8C09-4F80-9130-5A9306C924F2}
		{18A55AFB-0CA0-4229-A8CB-8CB99D0021C6} = {807C7C0B-6487-4829-8141-1D6EB107696E}
		{FEE60C6A-2D0C-47E0-8CBE-A531F08D9F88} = {807C7C0B-6487-4829-8141-1D6EB107696E}
		{78460BA3-B3CF-4618-8090-90FC83AC1A68} = {807C7C0B-6487-4829-8141-1D6EB107696E}
		{2A1E399E-A95C-4E48-A6A1-7FCF938921AC} = {D6DB560E-B413-4EE5-BC08-92B0FC235082}
		{645B7C12-1249-42B8-85C9-EFA90B61CA67} = {D6DB560E-B413-4EE5-BC08-92B0FC235082}
		{B34E5DB7-6F45-4B60-835A-6668F7C438C0} = {D6DB560E-B413-4EE5-BC08-92B0FC235082}
		{229EC590-1535-4371-9FA4-8E7EF90FDCF5} = {1D598B55-7742-4FF8-825F-C1C8FB92B046}
		{E14FDDB6-3BCF-435D-ACED-559252C88FFA} = {1D598B55-7742-4FF8-825F-C1C8FB92B046}
		{5DCFAF9C-E589-4B41-96F6-1C249985E1AA} = {1D598B55-7742-4FF8-825F-C1C8FB92B046}
		{528DF159-D3AC-435E-B33D-7A64D3D8DE7E} = {E372088A-4ADA-4F3B-999D-FA870CD64774}
		{3F4E1B12-310C-4547-A021-88B0C590B83F} = {E372088A-4ADA-4F3B-999D-FA870CD64774}
		{B1AB3559-E48E-4049-92C5-1F78E061C5F4} = {E372088A-4ADA-4F3B-999D-FA870CD64774}
		{1058030D-3268-43B3-BBAB-FA3E580BA88C} = {DD12AC9F-F97E-4574-BB73-EF76081BEC36}
		{6D048DEA-B57A-4E2F-AE0B-59E009752724} = {DD12AC9F-F97E-4574-BB73-EF76081BEC36}
		{F8FD1402-330B-423B-B5D3-E7ED5F701307} = {DD12AC9F-F97E-4574-BB73-EF76081BEC36}
	EndGlobalSection
	GlobalSection(ExtensibilityGlobals) = postSolution
		SolutionGuid = {AF6FB8F1-3204-46A9-9284-40BBCAA8C14F}
	EndGlobalSection
EndGlobal
