
Microsoft Visual Studio Solution File, Format Version 12.00
# Visual Studio Version 17
VisualStudioVersion = 17.11.35312.102
MinimumVisualStudioVersion = 10.0.40219.1
Project("{2150E333-8FDC-42A3-9474-1A3956D46DE8}") = "Task0", "Task0", "{1D480609-9424-4B2E-A3FE-7414F8936176}"
EndProject
Project("{FAE04EC0-301F-11D3-BF4B-00C04F79EFBC}") = "Tyuiu.KornevRM.Sprint1.Task0.V24", "Tyuiu.KornevRM.Sprint1.Task0.V24\Tyuiu.KornevRM.Sprint1.Task0.V24.csproj", "{915EAB7F-865D-4E14-9636-A2A12D72F7B8}"
EndProject
Project("{FAE04EC0-301F-11D3-BF4B-00C04F79EFBC}") = "Tyuiu.KornevRM.Sprint1.Task0.V24.Test", "Tyuiu.KornevRM.Sprint1.Task0.V24.Test\Tyuiu.KornevRM.Sprint1.Task0.V24.Test.csproj", "{CF1E1D7A-492D-4576-B7F6-1AA9C207A0E4}"
EndProject
Project("{FAE04EC0-301F-11D3-BF4B-00C04F79EFBC}") = "Tyuiu.KornevRM.Sprint1.Task0.V24.Lib", "Tyuiu.KornevRM.Sprint1.Task0.V24.Lib\Tyuiu.KornevRM.Sprint1.Task0.V24.Lib.csproj", "{7C95BFDE-F18F-440E-9B12-0593C5E227BF}"
EndProject
Global
	GlobalSection(SolutionConfigurationPlatforms) = preSolution
		Debug|Any CPU = Debug|Any CPU
		Release|Any CPU = Release|Any CPU
	EndGlobalSection
	GlobalSection(ProjectConfigurationPlatforms) = postSolution
		{915EAB7F-865D-4E14-9636-A2A12D72F7B8}.Debug|Any CPU.ActiveCfg = Debug|Any CPU
		{915EAB7F-865D-4E14-9636-A2A12D72F7B8}.Debug|Any CPU.Build.0 = Debug|Any CPU
		{915EAB7F-865D-4E14-9636-A2A12D72F7B8}.Release|Any CPU.ActiveCfg = Release|Any CPU
		{915EAB7F-865D-4E14-9636-A2A12D72F7B8}.Release|Any CPU.Build.0 = Release|Any CPU
		{CF1E1D7A-492D-4576-B7F6-1AA9C207A0E4}.Debug|Any CPU.ActiveCfg = Debug|Any CPU
		{CF1E1D7A-492D-4576-B7F6-1AA9C207A0E4}.Debug|Any CPU.Build.0 = Debug|Any CPU
		{CF1E1D7A-492D-4576-B7F6-1AA9C207A0E4}.Release|Any CPU.ActiveCfg = Release|Any CPU
		{CF1E1D7A-492D-4576-B7F6-1AA9C207A0E4}.Release|Any CPU.Build.0 = Release|Any CPU
		{7C95BFDE-F18F-440E-9B12-0593C5E227BF}.Debug|Any CPU.ActiveCfg = Debug|Any CPU
		{7C95BFDE-F18F-440E-9B12-0593C5E227BF}.Debug|Any CPU.Build.0 = Debug|Any CPU
		{7C95BFDE-F18F-440E-9B12-0593C5E227BF}.Release|Any CPU.ActiveCfg = Release|Any CPU
		{7C95BFDE-F18F-440E-9B12-0593C5E227BF}.Release|Any CPU.Build.0 = Release|Any CPU
	EndGlobalSection
	GlobalSection(SolutionProperties) = preSolution
		HideSolutionNode = FALSE
	EndGlobalSection
	GlobalSection(NestedProjects) = preSolution
		{915EAB7F-865D-4E14-9636-A2A12D72F7B8} = {1D480609-9424-4B2E-A3FE-7414F8936176}
		{CF1E1D7A-492D-4576-B7F6-1AA9C207A0E4} = {1D480609-9424-4B2E-A3FE-7414F8936176}
		{7C95BFDE-F18F-440E-9B12-0593C5E227BF} = {1D480609-9424-4B2E-A3FE-7414F8936176}
	EndGlobalSection
	GlobalSection(ExtensibilityGlobals) = postSolution
		SolutionGuid = {AF6FB8F1-3204-46A9-9284-40BBCAA8C14F}
	EndGlobalSection
EndGlobal
